{
  "name": "minezup-client",
  "version": "1.0.0",
  "lockfileVersion": 1,
  "requires": true,
  "dependencies": {
    "crypto-js": {
      "version": "3.1.9-1",
      "resolved": "https://registry.npmjs.org/crypto-js/-/crypto-js-3.1.9-1.tgz",
      "integrity": "sha1-/aGedh/Ad+Af+/3G6f38WeiAbNg="
    },
    "global-npm": {
      "version": "0.3.0",
      "resolved": "https://registry.npmjs.org/global-npm/-/global-npm-0.3.0.tgz",
      "integrity": "sha1-fFEVOUpnfRJFxOO6C3i7Z1J5fuA=",
      "requires": {
        "which": "^1.2.1"
      }
    },
    "isexe": {
      "version": "2.0.0",
      "resolved": "https://registry.npmjs.org/isexe/-/isexe-2.0.0.tgz",
      "integrity": "sha1-6PvzdNxVb/iUehDcsFctYz8s+hA="
    },
    "npmi": {
      "version": "4.0.0",
      "resolved": "https://registry.npmjs.org/npmi/-/npmi-4.0.0.tgz",
      "integrity": "sha512-qNyW7pgCNbdhDFl3WmEEIZwp87RKwD9Y9SiJ/eZPGCUM7iwgvXXNVby+3JEYAfV6KxONnitDNFXuZlr2fSpV/g==",
      "requires": {
        "global-npm": "^0.3.0",
        "semver": "^5.4.1"
      }
    },
    "semver": {
      "version": "5.7.1",
      "resolved": "https://registry.npmjs.org/semver/-/semver-5.7.1.tgz",
      "integrity": "sha512-sauaDf/PZdVgrLTNYHRtpXa1iRiKcaebiKQ1BJdpQlWH2lCvexQdX55snPFyK7QzpudqbCI0qXFfOasHdyNDGQ=="
    },
    "which": {
      "version": "1.3.1",
      "resolved": "https://registry.npmjs.org/which/-/which-1.3.1.tgz",
      "integrity": "sha512-HxJdYWq1MTIQbJ3nw0cqssHoTNU267KlrDuGZ1WYlxDStUtKUhOaJmh112/TZmHxxUfuJqPXSOm7tDyas0OSIQ==",
      "requires": {
        "isexe": "^2.0.0"
      }
    }
  }
}
