{
  "name": "minezup-client",
  "version": "1.0.0",
  "lockfileVersion": 1,
  "requires": true,
  "dependencies": {
    "crypto-js": {
      "version": "3.2.1",
      "resolved": "https://registry.npmjs.org/crypto-js/-/crypto-js-3.2.1.tgz",
      "integrity": "sha512-fIEXOyiXnmPbPk2+q8t97VYDSo8naqvI+2v0AJeLraQzhuL/GZ2qgcRpEadVQ7r8pXwBOHVjwOdyAXYYb3DWiQ=="
    },
    "global-npm": {
      "version": "0.3.0",
      "resolved": "https://registry.npmjs.org/global-npm/-/global-npm-0.3.0.tgz",
      "integrity": "sha1-fFEVOUpnfRJFxOO6C3i7Z1J5fuA=",
      "requires": {
        "which": "^1.2.1"
      }
    },
    "isexe": {
      "version": "2.0.0",
      "resolved": "https://registry.npmjs.org/isexe/-/isexe-2.0.0.tgz",
      "integrity": "sha1-6PvzdNxVb/iUehDcsFctYz8s+hA="
    },
    "npmi": {
      "version": "4.0.0",
      "resolved": "https://registry.npmjs.org/npmi/-/npmi-4.0.0.tgz",
      "integrity": "sha512-qNyW7pgCNbdhDFl3WmEEIZwp87RKwD9Y9SiJ/eZPGCUM7iwgvXXNVby+3JEYAfV6KxONnitDNFXuZlr2fSpV/g==",
      "requires": {
        "global-npm": "^0.3.0",
        "semver": "^5.4.1"
      }
    },
    "semver": {
      "version": "5.7.2",
      "resolved": "https://registry.npmjs.org/semver/-/semver-5.7.2.tgz",
      "integrity": "sha512-cBznnQ9KjJqU67B52RMC65CMarK2600WFnbkcaiwWq3xy/5haFJlshgnpjovMVJ+Hff49d8GEn0b87C5pDQ10g=="
    },
    "which": {
      "version": "1.3.1",
      "resolved": "https://registry.npmjs.org/which/-/which-1.3.1.tgz",
      "integrity": "sha512-HxJdYWq1MTIQbJ3nw0cqssHoTNU267KlrDuGZ1WYlxDStUtKUhOaJmh112/TZmHxxUfuJqPXSOm7tDyas0OSIQ==",
      "requires": {
        "isexe": "^2.0.0"
      }
    }
  }
}
